
Microsoft Visual Studio Solution File, Format Version 12.00
# Visual Studio Version 17
VisualStudioVersion = 17.4.33205.214
MinimumVisualStudioVersion = 10.0.40219.1
Project("{9A19103F-16F7-4668-BE54-9A1E7A4F7556}") = "CalorieTracker", "CalorieTracker\CalorieTracker.csproj", "{69CB2DD4-7E9D-4224-9F42-5F13A847F071}"
EndProject
Project("{FAE04EC0-301F-11D3-BF4B-00C04F79EFBC}") = "Entities", "Entities\Entities.csproj", "{26236AFC-9DF3-4489-ACBD-5F291DB79E5A}"
EndProject
Global
	GlobalSection(SolutionConfigurationPlatforms) = preSolution
		Debug|Any CPU = Debug|Any CPU
		Release|Any CPU = Release|Any CPU
	EndGlobalSection
	GlobalSection(ProjectConfigurationPlatforms) = postSolution
		{69CB2DD4-7E9D-4224-9F42-5F13A847F071}.Debug|Any CPU.ActiveCfg = Debug|Any CPU
		{69CB2DD4-7E9D-4224-9F42-5F13A847F071}.Debug|Any CPU.Build.0 = Debug|Any CPU
		{69CB2DD4-7E9D-4224-9F42-5F13A847F071}.Release|Any CPU.ActiveCfg = Release|Any CPU
		{69CB2DD4-7E9D-4224-9F42-5F13A847F071}.Release|Any CPU.Build.0 = Release|Any CPU
		{26236AFC-9DF3-4489-ACBD-5F291DB79E5A}.Debug|Any CPU.ActiveCfg = Debug|Any CPU
		{26236AFC-9DF3-4489-ACBD-5F291DB79E5A}.Debug|Any CPU.Build.0 = Debug|Any CPU
		{26236AFC-9DF3-4489-ACBD-5F291DB79E5A}.Release|Any CPU.ActiveCfg = Release|Any CPU
		{26236AFC-9DF3-4489-ACBD-5F291DB79E5A}.Release|Any CPU.Build.0 = Release|Any CPU
	EndGlobalSection
	GlobalSection(SolutionProperties) = preSolution
		HideSolutionNode = FALSE
	EndGlobalSection
	GlobalSection(ExtensibilityGlobals) = postSolution
		SolutionGuid = {D28B5085-F37C-41C2-B643-E3944A4A655F}
	EndGlobalSection
EndGlobal
